
Microsoft Visual Studio Solution File, Format Version 12.00
# Visual Studio 2012
Project("{FAE04EC0-301F-11D3-BF4B-00C04F79EFBC}") = "Klass Labb 16e sep", "Klass Labb 16e sep\Klass Labb 16e sep.csproj", "{4650DEF9-6B14-475F-AE1A-4DE1E99B5293}"
EndProject
Global
	GlobalSection(SolutionConfigurationPlatforms) = preSolution
		Debug|Any CPU = Debug|Any CPU
		Release|Any CPU = Release|Any CPU
	EndGlobalSection
	GlobalSection(ProjectConfigurationPlatforms) = postSolution
		{4650DEF9-6B14-475F-AE1A-4DE1E99B5293}.Debug|Any CPU.ActiveCfg = Debug|Any CPU
		{4650DEF9-6B14-475F-AE1A-4DE1E99B5293}.Debug|Any CPU.Build.0 = Debug|Any CPU
		{4650DEF9-6B14-475F-AE1A-4DE1E99B5293}.Release|Any CPU.ActiveCfg = Release|Any CPU
		{4650DEF9-6B14-475F-AE1A-4DE1E99B5293}.Release|Any CPU.Build.0 = Release|Any CPU
	EndGlobalSection
	GlobalSection(SolutionProperties) = preSolution
		HideSolutionNode = FALSE
	EndGlobalSection
EndGlobal
